// !$*UTF8*$!
{
	archiveVersion = 1;
	classes = {
	};
	objectVersion = 56;
	objects = {

/* Begin PBXBuildFile section */
		CD1E71D729B4E6C200F9AC31 /* alkoFreeApp.swift in Sources */ = {isa = PBXBuildFile; fileRef = CD1E71D629B4E6C200F9AC31 /* alkoFreeApp.swift */; };
		CD1E71D929B4E6C200F9AC31 /* ContentView.swift in Sources */ = {isa = PBXBuildFile; fileRef = CD1E71D829B4E6C200F9AC31 /* ContentView.swift */; };
		CD1E71DB29B4E6C300F9AC31 /* Assets.xcassets in Resources */ = {isa = PBXBuildFile; fileRef = CD1E71DA29B4E6C300F9AC31 /* Assets.xcassets */; };
		CD1E71DE29B4E6C300F9AC31 /* Preview Assets.xcassets in Resources */ = {isa = PBXBuildFile; fileRef = CD1E71DD29B4E6C300F9AC31 /* Preview Assets.xcassets */; };
		CD1E71E629B4E83E00F9AC31 /* dataModelStruct.swift in Sources */ = {isa = PBXBuildFile; fileRef = CD1E71E529B4E83E00F9AC31 /* dataModelStruct.swift */; };
		CD1E71E929B4ED3800F9AC31 /* calculations.swift in Sources */ = {isa = PBXBuildFile; fileRef = CD1E71E829B4ED3800F9AC31 /* calculations.swift */; };
/* End PBXBuildFile section */

/* Begin PBXFileReference section */
		CD1E71D329B4E6C200F9AC31 /* alkoFree.app */ = {isa = PBXFileReference; explicitFileType = wrapper.application; includeInIndex = 0; path = alkoFree.app; sourceTree = BUILT_PRODUCTS_DIR; };
		CD1E71D629B4E6C200F9AC31 /* alkoFreeApp.swift */ = {isa = PBXFileReference; lastKnownFileType = sourcecode.swift; path = alkoFreeApp.swift; sourceTree = "<group>"; };
		CD1E71D829B4E6C200F9AC31 /* ContentView.swift */ = {isa = PBXFileReference; lastKnownFileType = sourcecode.swift; path = ContentView.swift; sourceTree = "<group>"; };
		CD1E71DA29B4E6C300F9AC31 /* Assets.xcassets */ = {isa = PBXFileReference; lastKnownFileType = folder.assetcatalog; path = Assets.xcassets; sourceTree = "<group>"; };
		CD1E71DD29B4E6C300F9AC31 /* Preview Assets.xcassets */ = {isa = PBXFileReference; lastKnownFileType = folder.assetcatalog; path = "Preview Assets.xcassets"; sourceTree = "<group>"; };
		CD1E71E529B4E83E00F9AC31 /* dataModelStruct.swift */ = {isa = PBXFileReference; lastKnownFileType = sourcecode.swift; path = dataModelStruct.swift; sourceTree = "<group>"; };
		CD1E71E829B4ED3800F9AC31 /* calculations.swift */ = {isa = PBXFileReference; lastKnownFileType = sourcecode.swift; path = calculations.swift; sourceTree = "<group>"; };
/* End PBXFileReference section */

/* Begin PBXFrameworksBuildPhase section */
		CD1E71D029B4E6C200F9AC31 /* Frameworks */ = {
			isa = PBXFrameworksBuildPhase;
			buildActionMask = 2147483647;
			files = (
			);
			runOnlyForDeploymentPostprocessing = 0;
		};
/* End PBXFrameworksBuildPhase section */

/* Begin PBXGroup section */
		CD1E71CA29B4E6C200F9AC31 = {
			isa = PBXGroup;
			children = (
				CD1E71D529B4E6C200F9AC31 /* alkoFree */,
				CD1E71D429B4E6C200F9AC31 /* Products */,
			);
			sourceTree = "<group>";
		};
		CD1E71D429B4E6C200F9AC31 /* Products */ = {
			isa = PBXGroup;
			children = (
				CD1E71D329B4E6C200F9AC31 /* alkoFree.app */,
			);
			name = Products;
			sourceTree = "<group>";
		};
		CD1E71D529B4E6C200F9AC31 /* alkoFree */ = {
			isa = PBXGroup;
			children = (
				CD1E71E729B4EC7200F9AC31 /* AppLogic */,
				CD1E71E429B4E75100F9AC31 /* Data */,
				CD1E71D629B4E6C200F9AC31 /* alkoFreeApp.swift */,
				CD1E71D829B4E6C200F9AC31 /* ContentView.swift */,
				CD1E71DA29B4E6C300F9AC31 /* Assets.xcassets */,
				CD1E71DC29B4E6C300F9AC31 /* Preview Content */,
			);
			path = alkoFree;
			sourceTree = "<group>";
		};
		CD1E71DC29B4E6C300F9AC31 /* Preview Content */ = {
			isa = PBXGroup;
			children = (
				CD1E71DD29B4E6C300F9AC31 /* Preview Assets.xcassets */,
			);
			path = "Preview Content";
			sourceTree = "<group>";
		};
		CD1E71E429B4E75100F9AC31 /* Data */ = {
			isa = PBXGroup;
			children = (
				CD1E71E529B4E83E00F9AC31 /* dataModelStruct.swift */,
			);
			path = Data;
			sourceTree = "<group>";
		};
		CD1E71E729B4EC7200F9AC31 /* AppLogic */ = {
			isa = PBXGroup;
			children = (
				CD1E71E829B4ED3800F9AC31 /* calculations.swift */,
			);
			path = AppLogic;
			sourceTree = "<group>";
		};
/* End PBXGroup section */

/* Begin PBXNativeTarget section */
		CD1E71D229B4E6C200F9AC31 /* alkoFree */ = {
			isa = PBXNativeTarget;
			buildConfigurationList = CD1E71E129B4E6C300F9AC31 /* Build configuration list for PBXNativeTarget "alkoFree" */;
			buildPhases = (
				CD1E71CF29B4E6C200F9AC31 /* Sources */,
				CD1E71D029B4E6C200F9AC31 /* Frameworks */,
				CD1E71D129B4E6C200F9AC31 /* Resources */,
			);
			buildRules = (
			);
			dependencies = (
			);
			name = alkoFree;
			productName = alkoFree;
			productReference = CD1E71D329B4E6C200F9AC31 /* alkoFree.app */;
			productType = "com.apple.product-type.application";
		};
/* End PBXNativeTarget section */

/* Begin PBXProject section */
		CD1E71CB29B4E6C200F9AC31 /* Project object */ = {
			isa = PBXProject;
			attributes = {
				BuildIndependentTargetsInParallel = 1;
				LastSwiftUpdateCheck = 1420;
				LastUpgradeCheck = 1420;
				TargetAttributes = {
					CD1E71D229B4E6C200F9AC31 = {
						CreatedOnToolsVersion = 14.2;
					};
				};
			};
			buildConfigurationList = CD1E71CE29B4E6C200F9AC31 /* Build configuration list for PBXProject "alkoFree" */;
			compatibilityVersion = "Xcode 14.0";
			developmentRegion = en;
			hasScannedForEncodings = 0;
			knownRegions = (
				en,
				Base,
			);
			mainGroup = CD1E71CA29B4E6C200F9AC31;
			productRefGroup = CD1E71D429B4E6C200F9AC31 /* Products */;
			projectDirPath = "";
			projectRoot = "";
			targets = (
				CD1E71D229B4E6C200F9AC31 /* alkoFree */,
			);
		};
/* End PBXProject section */

/* Begin PBXResourcesBuildPhase section */
		CD1E71D129B4E6C200F9AC31 /* Resources */ = {
			isa = PBXResourcesBuildPhase;
			buildActionMask = 2147483647;
			files = (
				CD1E71DE29B4E6C300F9AC31 /* Preview Assets.xcassets in Resources */,
				CD1E71DB29B4E6C300F9AC31 /* Assets.xcassets in Resources */,
			);
			runOnlyForDeploymentPostprocessing = 0;
		};
/* End PBXResourcesBuildPhase section */

/* Begin PBXSourcesBuildPhase section */
		CD1E71CF29B4E6C200F9AC31 /* Sources */ = {
			isa = PBXSourcesBuildPhase;
			buildActionMask = 2147483647;
			files = (
				CD1E71D929B4E6C200F9AC31 /* ContentView.swift in Sources */,
				CD1E71E629B4E83E00F9AC31 /* dataModelStruct.swift in Sources */,
				CD1E71D729B4E6C200F9AC31 /* alkoFreeApp.swift in Sources */,
				CD1E71E929B4ED3800F9AC31 /* calculations.swift in Sources */,
			);
			runOnlyForDeploymentPostprocessing = 0;
		};
/* End PBXSourcesBuildPhase section */

/* Begin XCBuildConfiguration section */
		CD1E71DF29B4E6C300F9AC31 /* Debug */ = {
			isa = XCBuildConfiguration;
			buildSettings = {
				ALWAYS_SEARCH_USER_PATHS = NO;
				CLANG_ANALYZER_NONNULL = YES;
				CLANG_ANALYZER_NUMBER_OBJECT_CONVERSION = YES_AGGRESSIVE;
				CLANG_CXX_LANGUAGE_STANDARD = "gnu++20";
				CLANG_ENABLE_MODULES = YES;
				CLANG_ENABLE_OBJC_ARC = YES;
				CLANG_ENABLE_OBJC_WEAK = YES;
				CLANG_WARN_BLOCK_CAPTURE_AUTORELEASING = YES;
				CLANG_WARN_BOOL_CONVERSION = YES;
				CLANG_WARN_COMMA = YES;
				CLANG_WARN_CONSTANT_CONVERSION = YES;
				CLANG_WARN_DEPRECATED_OBJC_IMPLEMENTATIONS = YES;
				CLANG_WARN_DIRECT_OBJC_ISA_USAGE = YES_ERROR;
				CLANG_WARN_DOCUMENTATION_COMMENTS = YES;
				CLANG_WARN_EMPTY_BODY = YES;
				CLANG_WARN_ENUM_CONVERSION = YES;
				CLANG_WARN_INFINITE_RECURSION = YES;
				CLANG_WARN_INT_CONVERSION = YES;
				CLANG_WARN_NON_LITERAL_NULL_CONVERSION = YES;
				CLANG_WARN_OBJC_IMPLICIT_RETAIN_SELF = YES;
				CLANG_WARN_OBJC_LITERAL_CONVERSION = YES;
				CLANG_WARN_OBJC_ROOT_CLASS = YES_ERROR;
				CLANG_WARN_QUOTED_INCLUDE_IN_FRAMEWORK_HEADER = YES;
				CLANG_WARN_RANGE_LOOP_ANALYSIS = YES;
				CLANG_WARN_STRICT_PROTOTYPES = YES;
				CLANG_WARN_SUSPICIOUS_MOVE = YES;
				CLANG_WARN_UNGUARDED_AVAILABILITY = YES_AGGRESSIVE;
				CLANG_WARN_UNREACHABLE_CODE = YES;
				CLANG_WARN__DUPLICATE_METHOD_MATCH = YES;
				COPY_PHASE_STRIP = NO;
				DEBUG_INFORMATION_FORMAT = dwarf;
				ENABLE_STRICT_OBJC_MSGSEND = YES;
				ENABLE_TESTABILITY = YES;
				GCC_C_LANGUAGE_STANDARD = gnu11;
				GCC_DYNAMIC_NO_PIC = NO;
				GCC_NO_COMMON_BLOCKS = YES;
				GCC_OPTIMIZATION_LEVEL = 0;
				GCC_PREPROCESSOR_DEFINITIONS = (
					"DEBUG=1",
					"$(inherited)",
				);
				GCC_WARN_64_TO_32_BIT_CONVERSION = YES;
				GCC_WARN_ABOUT_RETURN_TYPE = YES_ERROR;
				GCC_WARN_UNDECLARED_SELECTOR = YES;
				GCC_WARN_UNINITIALIZED_AUTOS = YES_AGGRESSIVE;
				GCC_WARN_UNUSED_FUNCTION = YES;
				GCC_WARN_UNUSED_VARIABLE = YES;
				IPHONEOS_DEPLOYMENT_TARGET = 16.2;
				MTL_ENABLE_DEBUG_INFO = INCLUDE_SOURCE;
				MTL_FAST_MATH = YES;
				ONLY_ACTIVE_ARCH = YES;
				SDKROOT = iphoneos;
				SWIFT_ACTIVE_COMPILATION_CONDITIONS = DEBUG;
				SWIFT_OPTIMIZATION_LEVEL = "-Onone";
			};
			name = Debug;
		};
		CD1E71E029B4E6C300F9AC31 /* Release */ = {
			isa = XCBuildConfiguration;
			buildSettings = {
				ALWAYS_SEARCH_USER_PATHS = NO;
				CLANG_ANALYZER_NONNULL = YES;
				CLANG_ANALYZER_NUMBER_OBJECT_CONVERSION = YES_AGGRESSIVE;
				CLANG_CXX_LANGUAGE_STANDARD = "gnu++20";
				CLANG_ENABLE_MODULES = YES;
				CLANG_ENABLE_OBJC_ARC = YES;
				CLANG_ENABLE_OBJC_WEAK = YES;
				CLANG_WARN_BLOCK_CAPTURE_AUTORELEASING = YES;
				CLANG_WARN_BOOL_CONVERSION = YES;
				CLANG_WARN_COMMA = YES;
				CLANG_WARN_CONSTANT_CONVERSION = YES;
				CLANG_WARN_DEPRECATED_OBJC_IMPLEMENTATIONS = YES;
				CLANG_WARN_DIRECT_OBJC_ISA_USAGE = YES_ERROR;
				CLANG_WARN_DOCUMENTATION_COMMENTS = YES;
				CLANG_WARN_EMPTY_BODY = YES;
				CLANG_WARN_ENUM_CONVERSION = YES;
				CLANG_WARN_INFINITE_RECURSION = YES;
				CLANG_WARN_INT_CONVERSION = YES;
				CLANG_WARN_NON_LITERAL_NULL_CONVERSION = YES;
				CLANG_WARN_OBJC_IMPLICIT_RETAIN_SELF = YES;
				CLANG_WARN_OBJC_LITERAL_CONVERSION = YES;
				CLANG_WARN_OBJC_ROOT_CLASS = YES_ERROR;
				CLANG_WARN_QUOTED_INCLUDE_IN_FRAMEWORK_HEADER = YES;
				CLANG_WARN_RANGE_LOOP_ANALYSIS = YES;
				CLANG_WARN_STRICT_PROTOTYPES = YES;
				CLANG_WARN_SUSPICIOUS_MOVE = YES;
				CLANG_WARN_UNGUARDED_AVAILABILITY = YES_AGGRESSIVE;
				CLANG_WARN_UNREACHABLE_CODE = YES;
				CLANG_WARN__DUPLICATE_METHOD_MATCH = YES;
				COPY_PHASE_STRIP = NO;
				DEBUG_INFORMATION_FORMAT = "dwarf-with-dsym";
				ENABLE_NS_ASSERTIONS = NO;
				ENABLE_STRICT_OBJC_MSGSEND = YES;
				GCC_C_LANGUAGE_STANDARD = gnu11;
				GCC_NO_COMMON_BLOCKS = YES;
				GCC_WARN_64_TO_32_BIT_CONVERSION = YES;
				GCC_WARN_ABOUT_RETURN_TYPE = YES_ERROR;
				GCC_WARN_UNDECLARED_SELECTOR = YES;
				GCC_WARN_UNINITIALIZED_AUTOS = YES_AGGRESSIVE;
				GCC_WARN_UNUSED_FUNCTION = YES;
				GCC_WARN_UNUSED_VARIABLE = YES;
				IPHONEOS_DEPLOYMENT_TARGET = 16.2;
				MTL_ENABLE_DEBUG_INFO = NO;
				MTL_FAST_MATH = YES;
				SDKROOT = iphoneos;
				SWIFT_COMPILATION_MODE = wholemodule;
				SWIFT_OPTIMIZATION_LEVEL = "-O";
				VALIDATE_PRODUCT = YES;
			};
			name = Release;
		};
		CD1E71E229B4E6C300F9AC31 /* Debug */ = {
			isa = XCBuildConfiguration;
			buildSettings = {
				ASSETCATALOG_COMPILER_APPICON_NAME = AppIcon;
				ASSETCATALOG_COMPILER_GLOBAL_ACCENT_COLOR_NAME = AccentColor;
				CODE_SIGN_STYLE = Automatic;
				CURRENT_PROJECT_VERSION = 1;
				DEVELOPMENT_ASSET_PATHS = "\"alkoFree/Preview Content\"";
				DEVELOPMENT_TEAM = 5NMXNJ3368;
				ENABLE_PREVIEWS = YES;
				GENERATE_INFOPLIST_FILE = YES;
				INFOPLIST_KEY_UIApplicationSceneManifest_Generation = YES;
				INFOPLIST_KEY_UIApplicationSupportsIndirectInputEvents = YES;
				INFOPLIST_KEY_UILaunchScreen_Generation = YES;
				INFOPLIST_KEY_UISupportedInterfaceOrientations_iPad = "UIInterfaceOrientationPortrait UIInterfaceOrientationPortraitUpsideDown UIInterfaceOrientationLandscapeLeft UIInterfaceOrientationLandscapeRight";
				INFOPLIST_KEY_UISupportedInterfaceOrientations_iPhone = "UIInterfaceOrientationPortrait UIInterfaceOrientationLandscapeLeft UIInterfaceOrientationLandscapeRight";
				LD_RUNPATH_SEARCH_PATHS = (
					"$(inherited)",
					"@executable_path/Frameworks",
				);
				MARKETING_VERSION = 1.0;
				PRODUCT_BUNDLE_IDENTIFIER = pl.mediagfx.alkoFree;
				PRODUCT_NAME = "$(TARGET_NAME)";
				SWIFT_EMIT_LOC_STRINGS = YES;
				SWIFT_VERSION = 5.0;
				TARGETED_DEVICE_FAMILY = "1,2";
			};
			name = Debug;
		};
		CD1E71E329B4E6C300F9AC31 /* Release */ = {
			isa = XCBuildConfiguration;
			buildSettings = {
				ASSETCATALOG_COMPILER_APPICON_NAME = AppIcon;
				ASSETCATALOG_COMPILER_GLOBAL_ACCENT_COLOR_NAME = AccentColor;
				CODE_SIGN_STYLE = Automatic;
				CURRENT_PROJECT_VERSION = 1;
				DEVELOPMENT_ASSET_PATHS = "\"alkoFree/Preview Content\"";
				DEVELOPMENT_TEAM = 5NMXNJ3368;
				ENABLE_PREVIEWS = YES;
				GENERATE_INFOPLIST_FILE = YES;
				INFOPLIST_KEY_UIApplicationSceneManifest_Generation = YES;
				INFOPLIST_KEY_UIApplicationSupportsIndirectInputEvents = YES;
				INFOPLIST_KEY_UILaunchScreen_Generation = YES;
				INFOPLIST_KEY_UISupportedInterfaceOrientations_iPad = "UIInterfaceOrientationPortrait UIInterfaceOrientationPortraitUpsideDown UIInterfaceOrientationLandscapeLeft UIInterfaceOrientationLandscapeRight";
				INFOPLIST_KEY_UISupportedInterfaceOrientations_iPhone = "UIInterfaceOrientationPortrait UIInterfaceOrientationLandscapeLeft UIInterfaceOrientationLandscapeRight";
				LD_RUNPATH_SEARCH_PATHS = (
					"$(inherited)",
					"@executable_path/Frameworks",
				);
				MARKETING_VERSION = 1.0;
				PRODUCT_BUNDLE_IDENTIFIER = pl.mediagfx.alkoFree;
				PRODUCT_NAME = "$(TARGET_NAME)";
				SWIFT_EMIT_LOC_STRINGS = YES;
				SWIFT_VERSION = 5.0;
				TARGETED_DEVICE_FAMILY = "1,2";
			};
			name = Release;
		};
/* End XCBuildConfiguration section */

/* Begin XCConfigurationList section */
		CD1E71CE29B4E6C200F9AC31 /* Build configuration list for PBXProject "alkoFree" */ = {
			isa = XCConfigurationList;
			buildConfigurations = (
				CD1E71DF29B4E6C300F9AC31 /* Debug */,
				CD1E71E029B4E6C300F9AC31 /* Release */,
			);
			defaultConfigurationIsVisible = 0;
			defaultConfigurationName = Release;
		};
		CD1E71E129B4E6C300F9AC31 /* Build configuration list for PBXNativeTarget "alkoFree" */ = {
			isa = XCConfigurationList;
			buildConfigurations = (
				CD1E71E229B4E6C300F9AC31 /* Debug */,
				CD1E71E329B4E6C300F9AC31 /* Release */,
			);
			defaultConfigurationIsVisible = 0;
			defaultConfigurationName = Release;
		};
/* End XCConfigurationList section */
	};
	rootObject = CD1E71CB29B4E6C200F9AC31 /* Project object */;
}
